{
  "name": "gun-cassandra",
  "version": "1.0.4",
  "lockfileVersion": 1,
  "requires": true,
  "dependencies": {
    "async-limiter": {
      "version": "1.0.0",
      "resolved": "https://registry.npmjs.org/async-limiter/-/async-limiter-1.0.0.tgz",
      "integrity": "sha512-jp/uFnooOiO+L211eZOoSyzpOITMXx1rBITauYykG3BRYPu8h0UcxsPNB04RR5vo4Tyz3+ay17tR6JVf9qzYWg=="
    },
    "gun": {
      "version": "0.9.9992",
      "resolved": "https://registry.npmjs.org/gun/-/gun-0.9.9992.tgz",
      "integrity": "sha512-UreKTibhS+veImxbfQtrc24gRaSoMhQQxw7IcSOfLQxgGGAcHXfhVixedUIN/MAqYDEjlxWmHzLsW0Ycbba4PQ==",
      "requires": {
        "ws": "~>5.2.0"
      }
    },
    "ws": {
      "version": "5.2.1",
      "resolved": "https://registry.npmjs.org/ws/-/ws-5.2.1.tgz",
      "integrity": "sha512-2NkHdPKjDBj3CHdnAGNpmlliryKqF+n9MYXX7/wsVC4yqYocKreKNjydPDvT3wShAZnndlM0RytEfTALCDvz7A==",
      "requires": {
        "async-limiter": "~1.0.0"
      }
    }
  }
}
